<?xml version="1.0" encoding="utf-8"?>
<Project ToolsVersion="4.0" xmlns="http://schemas.microsoft.com/developer/msbuild/2003">
  <ItemGroup>
    <ClCompile Include="Client.cpp" />
    <ClCompile Include="main.cpp" />
    <ClCompile Include="Svr.cpp" />
    <ClCompile Include="TcpConn.cpp" />
    <ClCompile Include="..\reference\tcpserver.cpp">
      <Filter>reference</Filter>
    </ClCompile>
    <ClCompile Include="..\reference\test_tcpclient.cpp">
      <Filter>reference</Filter>
    </ClCompile>
    <ClCompile Include="..\reference\test_tcpclient_reconnect.cpp">
      <Filter>reference</Filter>
    </ClCompile>
    <ClCompile Include="..\reference\test_tcpserver.cpp">
      <Filter>reference</Filter>
    </ClCompile>
    <ClCompile Include="..\reference\tcpclient.cpp">
      <Filter>reference</Filter>
    </ClCompile>
  </ItemGroup>
  <ItemGroup>
    <ClInclude Include="..\uvpp\tcp.hpp" />
    <ClInclude Include="Client.h" />
    <ClInclude Include="Connection.hpp" />
    <ClInclude Include="Svr.hpp" />
    <ClInclude Include="TcpConn.h" />
    <ClInclude Include="..\uvpp\loop.hpp">
      <Filter>uvpp</Filter>
    </ClInclude>
    <ClInclude Include="..\uvpp\error.hpp">
      <Filter>uvpp</Filter>
    </ClInclude>
    <ClInclude Include="..\uvpp\callback.hpp">
      <Filter>uvpp</Filter>
    </ClInclude>
    <ClInclude Include="..\uvpp\handle.hpp">
      <Filter>uvpp</Filter>
    </ClInclude>
    <ClInclude Include="..\uvpp\free_handle.hpp">
      <Filter>uvpp</Filter>
    </ClInclude>
    <ClInclude Include="..\uvpp\net.hpp">
      <Filter>uvpp</Filter>
    </ClInclude>
    <ClInclude Include="Uti\ring_buffer.hpp">
      <Filter>Uti</Filter>
    </ClInclude>
    <ClInclude Include="..\reference\include\net_base.h">
      <Filter>reference\include</Filter>
    </ClInclude>
    <ClInclude Include="..\reference\include\packet_sync.h">
      <Filter>reference\include</Filter>
    </ClInclude>
    <ClInclude Include="..\reference\include\pod_circularbuffer.h">
      <Filter>reference\include</Filter>
    </ClInclude>
    <ClInclude Include="..\reference\include\tcpserver.h">
      <Filter>reference\include</Filter>
    </ClInclude>
    <ClInclude Include="..\reference\include\thread_uv.h">
      <Filter>reference\include</Filter>
    </ClInclude>
    <ClInclude Include="..\reference\include\tcpclient.h">
      <Filter>reference\include</Filter>
    </ClInclude>
    <ClInclude Include="..\reference\include\tcpserverprotocolprocess.h">
      <Filter>reference\include</Filter>
    </ClInclude>
    <ClInclude Include="..\reference\include\tcpcon_ctx.hpp">
      <Filter>reference\include</Filter>
    </ClInclude>
    <ClInclude Include="..\uvpp\timer.hpp">
      <Filter>uvpp</Filter>
    </ClInclude>
    <ClInclude Include="..\uvpp\stream.hpp">
      <Filter>uvpp</Filter>
    </ClInclude>
  </ItemGroup>
  <ItemGroup>
    <Filter Include="uvpp">
      <UniqueIdentifier>{1aca9d10-6aa9-4bff-ad88-6e5f97c85bdf}</UniqueIdentifier>
    </Filter>
    <Filter Include="reference">
      <UniqueIdentifier>{55f7606c-9a3d-4c93-a177-136a3d5475f3}</UniqueIdentifier>
    </Filter>
    <Filter Include="Uti">
      <UniqueIdentifier>{a1b5586f-740c-45f2-ac6c-99ebbcddef7e}</UniqueIdentifier>
    </Filter>
    <Filter Include="reference\include">
      <UniqueIdentifier>{050ba63a-90cb-4dab-b9f5-3454fb2cf19c}</UniqueIdentifier>
    </Filter>
    <Filter Include="Doc">
      <UniqueIdentifier>{dffc23ff-827f-4bd2-a955-66ac0569f82d}</UniqueIdentifier>
    </Filter>
  </ItemGroup>
  <ItemGroup>
    <Text Include="hpp.txt">
      <Filter>Doc</Filter>
    </Text>
  </ItemGroup>
</Project>